
Microsoft Visual Studio Solution File, Format Version 12.00
# Visual Studio 14
VisualStudioVersion = 14.0.23107.0
MinimumVisualStudioVersion = 10.0.40219.1
Project("{FAE04EC0-301F-11D3-BF4B-00C04F79EFBC}") = "WS", "WS.csproj", "{E6BEA861-7171-4D49-B744-8A59CCD1A567}"
EndProject
Project("{FAE04EC0-301F-11D3-BF4B-00C04F79EFBC}") = "TestClient", "..\WindowsFormsApplication1\TestClient.csproj", "{084A23D3-8EDA-4104-BAC3-DFCD2B201598}"
EndProject
Global
	GlobalSection(SolutionConfigurationPlatforms) = preSolution
		Debug|Any CPU = Debug|Any CPU
		Release|Any CPU = Release|Any CPU
	EndGlobalSection
	GlobalSection(ProjectConfigurationPlatforms) = postSolution
		{E6BEA861-7171-4D49-B744-8A59CCD1A567}.Debug|Any CPU.ActiveCfg = Debug|Any CPU
		{E6BEA861-7171-4D49-B744-8A59CCD1A567}.Debug|Any CPU.Build.0 = Debug|Any CPU
		{E6BEA861-7171-4D49-B744-8A59CCD1A567}.Release|Any CPU.ActiveCfg = Release|Any CPU
		{E6BEA861-7171-4D49-B744-8A59CCD1A567}.Release|Any CPU.Build.0 = Release|Any CPU
		{084A23D3-8EDA-4104-BAC3-DFCD2B201598}.Debug|Any CPU.ActiveCfg = Debug|Any CPU
		{084A23D3-8EDA-4104-BAC3-DFCD2B201598}.Debug|Any CPU.Build.0 = Debug|Any CPU
		{084A23D3-8EDA-4104-BAC3-DFCD2B201598}.Release|Any CPU.ActiveCfg = Release|Any CPU
		{084A23D3-8EDA-4104-BAC3-DFCD2B201598}.Release|Any CPU.Build.0 = Release|Any CPU
	EndGlobalSection
	GlobalSection(SolutionProperties) = preSolution
		HideSolutionNode = FALSE
	EndGlobalSection
EndGlobal
